{
  "lockfileVersion": 1,
  "configVersion": 1,
  "workspaces": {
    "": {
      "name": "elysia",
      "dependencies": {
        "elysia": "latest",
        "nitro": "^3.0.1-alpha.1",
      },
      "devDependencies": {
        "bun-types": "latest",
        "rollup": "^4.53.3",
      },
    },
  },
  "packages": {
    "@borewit/text-codec": ["@borewit/text-codec@0.1.1", "", {}, "sha512-5L/uBxmjaCIX5h8Z+uu+kA9BQLkc/Wl06UGR5ajNRxu+/XjonB5i8JpgFMrPj3LXTCPA0pv8yxUvbUi+QthGGA=="],

    "@emnapi/core": ["@emnapi/core@1.7.1", "", { "dependencies": { "@emnapi/wasi-threads": "1.1.0", "tslib": "^2.4.0" } }, "sha512-o1uhUASyo921r2XtHYOHy7gdkGLge8ghBEQHMWmyJFoXlpU58kIrhhN3w26lpQb6dspetweapMn2CSNwQ8I4wg=="],

    "@emnapi/runtime": ["@emnapi/runtime@1.7.1", "", { "dependencies": { "tslib": "^2.4.0" } }, "sha512-PVtJr5CmLwYAU9PZDMITZoR5iAOShYREoR45EyyLrbntV50mdePTgUn4AmOw90Ifcj+x2kRjdzr1HP3RrNiHGA=="],

    "@emnapi/wasi-threads": ["@emnapi/wasi-threads@1.1.0", "", { "dependencies": { "tslib": "^2.4.0" } }, "sha512-WI0DdZ8xFSbgMjR1sFsKABJ/C5OnRrjT06JXbZKexJGrDuPTzZdDYfFlsgcCXCyf+suG5QU2e/y1Wo2V/OapLQ=="],

    "@napi-rs/wasm-runtime": ["@napi-rs/wasm-runtime@1.1.0", "", { "dependencies": { "@emnapi/core": "^1.7.1", "@emnapi/runtime": "^1.7.1", "@tybys/wasm-util": "^0.10.1" } }, "sha512-Fq6DJW+Bb5jaWE69/qOE0D1TUN9+6uWhCeZpdnSBk14pjLcCWR7Q8n49PTSPHazM37JqrsdpEthXy2xn6jWWiA=="],

    "@oxc-minify/binding-android-arm64": ["@oxc-minify/binding-android-arm64@0.96.0", "", { "os": "android", "cpu": "arm64" }, "sha512-lzeIEMu/v6Y+La5JSesq4hvyKtKBq84cgQpKYTYM/yGuNk2tfd5Ha31hnC+mTh48lp/5vZH+WBfjVUjjINCfug=="],

    "@oxc-minify/binding-darwin-arm64": ["@oxc-minify/binding-darwin-arm64@0.96.0", "", { "os": "darwin", "cpu": "arm64" }, "sha512-i0LkJAUXb4BeBFrJQbMKQPoxf8+cFEffDyLSb7NEzzKuPcH8qrVsnEItoOzeAdYam8Sr6qCHVwmBNEQzl7PWpw=="],

    "@oxc-minify/binding-darwin-x64": ["@oxc-minify/binding-darwin-x64@0.96.0", "", { "os": "darwin", "cpu": "x64" }, "sha512-C5vI0WPR+KPIFAD5LMOJk2J8iiT+Nv65vDXmemzXEXouzfEOLYNqnW+u6NSsccpuZHHWAiLyPFkYvKFduveAUQ=="],

    "@oxc-minify/binding-freebsd-x64": ["@oxc-minify/binding-freebsd-x64@0.96.0", "", { "os": "freebsd", "cpu": "x64" }, "sha512-3//5DNx+xUjVBMLLk2sl6hfe4fwfENJtjVQUBXjxzwPuv8xgZUqASG4cRG3WqG5Qe8dV6SbCI4EgKQFjO4KCZA=="],

    "@oxc-minify/binding-linux-arm-gnueabihf": ["@oxc-minify/binding-linux-arm-gnueabihf@0.96.0", "", { "os": "linux", "cpu": "arm" }, "sha512-WXChFKV7VdDk1NePDK1J31cpSvxACAVztJ7f7lJVYBTkH+iz5D0lCqPcE7a9eb7nC3xvz4yk7DM6dA9wlUQkQg=="],

    "@oxc-minify/binding-linux-arm-musleabihf": ["@oxc-minify/binding-linux-arm-musleabihf@0.96.0", "", { "os": "linux", "cpu": "arm" }, "sha512-7B18glYMX4Z/YoqgE3VRLs/2YhVLxlxNKSgrtsRpuR8xv58xca+hEhiFwZN1Rn+NSMZ29Z33LWD7iYWnqYFvRA=="],

    "@oxc-minify/binding-linux-arm64-gnu": ["@oxc-minify/binding-linux-arm64-gnu@0.96.0", "", { "os": "linux", "cpu": "arm64" }, "sha512-Yl+KcTldsEJNcaYxxonwAXZ2q3gxIzn3kXYQWgKWdaGIpNhOCWqF+KE5WLsldoh5Ro5SHtomvb8GM6cXrIBMog=="],

    "@oxc-minify/binding-linux-arm64-musl": ["@oxc-minify/binding-linux-arm64-musl@0.96.0", "", { "os": "linux", "cpu": "arm64" }, "sha512-rNqoFWOWaxwMmUY5fspd/h5HfvgUlA3sv9CUdA2MpnHFiyoJNovR7WU8tGh+Yn0qOAs0SNH0a05gIthHig14IA=="],

    "@oxc-minify/binding-linux-riscv64-gnu": ["@oxc-minify/binding-linux-riscv64-gnu@0.96.0", "", { "os": "linux", "cpu": "none" }, "sha512-3paajIuzGnukHwSI3YBjYVqbd72pZd8NJxaayaNFR0AByIm8rmIT5RqFXbq8j2uhtpmNdZRXiu0em1zOmIScWA=="],

    "@oxc-minify/binding-linux-s390x-gnu": ["@oxc-minify/binding-linux-s390x-gnu@0.96.0", "", { "os": "linux", "cpu": "s390x" }, "sha512-9ESrpkB2XG0lQ89JlsxlZa86iQCOs+jkDZLl6O+u5wb7ynUy21bpJJ1joauCOSYIOUlSy3+LbtJLiqi7oSQt5Q=="],

    "@oxc-minify/binding-linux-x64-gnu": ["@oxc-minify/binding-linux-x64-gnu@0.96.0", "", { "os": "linux", "cpu": "x64" }, "sha512-UMM1jkns+p+WwwmdjC5giI3SfR2BCTga18x3C0cAu6vDVf4W37uTZeTtSIGmwatTBbgiq++Te24/DE0oCdm1iQ=="],

    "@oxc-minify/binding-linux-x64-musl": ["@oxc-minify/binding-linux-x64-musl@0.96.0", "", { "os": "linux", "cpu": "x64" }, "sha512-8b1naiC7MdP7xeMi7cQ5tb9W1rZAP9Qz/jBRqp1Y5EOZ1yhSGnf1QWuZ/0pCc+XiB9vEHXEY3Aki/H+86m2eOg=="],

    "@oxc-minify/binding-wasm32-wasi": ["@oxc-minify/binding-wasm32-wasi@0.96.0", "", { "dependencies": { "@napi-rs/wasm-runtime": "^1.0.7" }, "cpu": "none" }, "sha512-bjGDjkGzo3GWU9Vg2qiFUrfoo5QxojPNV/2RHTlbIB5FWkkV4ExVjsfyqihFiAuj0NXIZqd2SAiEq9htVd3RFw=="],

    "@oxc-minify/binding-win32-arm64-msvc": ["@oxc-minify/binding-win32-arm64-msvc@0.96.0", "", { "os": "win32", "cpu": "arm64" }, "sha512-4L4DlHUT47qMWQuTyUghpncR3NZHWtxvd0G1KgSjVgXf+cXzFdWQCWZZtCU0yrmOoVCNUf4S04IFCJyAe+Ie7A=="],

    "@oxc-minify/binding-win32-x64-msvc": ["@oxc-minify/binding-win32-x64-msvc@0.96.0", "", { "os": "win32", "cpu": "x64" }, "sha512-T2ijfqZLpV2bgGGocXV4SXTuMoouqN0asYTIm+7jVOLvT5XgDogf3ZvCmiEnSWmxl21+r5wHcs8voU2iUROXAg=="],

    "@oxc-transform/binding-android-arm64": ["@oxc-transform/binding-android-arm64@0.96.0", "", { "os": "android", "cpu": "arm64" }, "sha512-wOm+ZsqFvyZ7B9RefUMsj0zcXw77Z2pXA51nbSQyPXqr+g0/pDGxriZWP8Sdpz/e4AEaKPA9DvrwyOZxu7GRDQ=="],

    "@oxc-transform/binding-darwin-arm64": ["@oxc-transform/binding-darwin-arm64@0.96.0", "", { "os": "darwin", "cpu": "arm64" }, "sha512-td1sbcvzsyuoNRiNdIRodPXRtFFwxzPpC/6/yIUtRRhKn30XQcizxupIvQQVpJWWchxkphbBDh6UN+u+2CJ8Zw=="],

    "@oxc-transform/binding-darwin-x64": ["@oxc-transform/binding-darwin-x64@0.96.0", "", { "os": "darwin", "cpu": "x64" }, "sha512-xgqxnqhPYH2NYkgbqtnCJfhbXvxIf/pnhF/ig5UBK8PYpCEWIP/cfLpQRQ9DcQnRfuxi7RMIF6LdmB1AiS6Fkg=="],

    "@oxc-transform/binding-freebsd-x64": ["@oxc-transform/binding-freebsd-x64@0.96.0", "", { "os": "freebsd", "cpu": "x64" }, "sha512-1i67OXdl/rvSkcTXqDlh6qGRXYseEmf0rl/R+/i88scZ/o3A+FzlX56sThuaPzSSv9eVgesnoYUjIBJELFc1oA=="],

    "@oxc-transform/binding-linux-arm-gnueabihf": ["@oxc-transform/binding-linux-arm-gnueabihf@0.96.0", "", { "os": "linux", "cpu": "arm" }, "sha512-9MJBs0SWODsqyzO3eAnacXgJ/sZu1xqinjEwBzkcZ3tQI8nKhMADOzu2NzbVWDWujeoC8DESXaO08tujvUru+Q=="],

    "@oxc-transform/binding-linux-arm-musleabihf": ["@oxc-transform/binding-linux-arm-musleabihf@0.96.0", "", { "os": "linux", "cpu": "arm" }, "sha512-BQom57I2ScccixljNYh2Wy+5oVZtF1LXiiUPxSLtDHbsanpEvV/+kzCagQpTjk1BVzSQzOxfEUWjvL7mY53pRQ=="],

    "@oxc-transform/binding-linux-arm64-gnu": ["@oxc-transform/binding-linux-arm64-gnu@0.96.0", "", { "os": "linux", "cpu": "arm64" }, "sha512-kaqvUzNu8LL4aBSXqcqGVLFG13GmJEplRI2+yqzkgAItxoP/LfFMdEIErlTWLGyBwd0OLiNMHrOvkcCQRWadVg=="],

    "@oxc-transform/binding-linux-arm64-musl": ["@oxc-transform/binding-linux-arm64-musl@0.96.0", "", { "os": "linux", "cpu": "arm64" }, "sha512-EiG/L3wEkPgTm4p906ufptyblBgtiQWTubGg/JEw82f8uLRroayr5zhbUqx40EgH037a3SfJthIyLZi7XPRFJw=="],

    "@oxc-transform/binding-linux-riscv64-gnu": ["@oxc-transform/binding-linux-riscv64-gnu@0.96.0", "", { "os": "linux", "cpu": "none" }, "sha512-r01CY6OxKGtVeYnvH4mGmtkQMlLkXdPWWNXwo5o7fE2s/fgZPMpqh8bAuXEhuMXipZRJrjxTk1+ZQ4KCHpMn3Q=="],

    "@oxc-transform/binding-linux-s390x-gnu": ["@oxc-transform/binding-linux-s390x-gnu@0.96.0", "", { "os": "linux", "cpu": "s390x" }, "sha512-4djg2vYLGbVeS8YiA2K4RPPpZE4fxTGCX5g/bOMbCYyirDbmBAIop4eOAj8vOA9i1CcWbDtmp+PVJ1dSw7f3IQ=="],

    "@oxc-transform/binding-linux-x64-gnu": ["@oxc-transform/binding-linux-x64-gnu@0.96.0", "", { "os": "linux", "cpu": "x64" }, "sha512-f6pcWVz57Y8jXa2OS7cz3aRNuks34Q3j61+3nQ4xTE8H1KbalcEvHNmM92OEddaJ8QLs9YcE0kUC6eDTbY34+A=="],

    "@oxc-transform/binding-linux-x64-musl": ["@oxc-transform/binding-linux-x64-musl@0.96.0", "", { "os": "linux", "cpu": "x64" }, "sha512-NSiRtFvR7Pbhv3mWyPMkTK38czIjcnK0+K5STo3CuzZRVbX1TM17zGdHzKBUHZu7v6IQ6/XsQ3ELa1BlEHPGWQ=="],

    "@oxc-transform/binding-wasm32-wasi": ["@oxc-transform/binding-wasm32-wasi@0.96.0", "", { "dependencies": { "@napi-rs/wasm-runtime": "^1.0.7" }, "cpu": "none" }, "sha512-A91ARLiuZHGN4hBds9s7bW3czUuLuHLsV+cz44iF9j8e1zX9m2hNGXf/acQRbg/zcFUXmjz5nmk8EkZyob876w=="],

    "@oxc-transform/binding-win32-arm64-msvc": ["@oxc-transform/binding-win32-arm64-msvc@0.96.0", "", { "os": "win32", "cpu": "arm64" }, "sha512-IedJf40djKgDObomhYjdRAlmSYUEdfqX3A3M9KfUltl9AghTBBLkTzUMA7O09oo71vYf5TEhbFM7+Vn5vqw7AQ=="],

    "@oxc-transform/binding-win32-x64-msvc": ["@oxc-transform/binding-win32-x64-msvc@0.96.0", "", { "os": "win32", "cpu": "x64" }, "sha512-0fI0P0W7bSO/GCP/N5dkmtB9vBqCA4ggo1WmXTnxNJVmFFOtcA1vYm1I9jl8fxo+sucW2WnlpnI4fjKdo3JKxA=="],

    "@rollup/rollup-android-arm-eabi": ["@rollup/rollup-android-arm-eabi@4.53.3", "", { "os": "android", "cpu": "arm" }, "sha512-mRSi+4cBjrRLoaal2PnqH82Wqyb+d3HsPUN/W+WslCXsZsyHa9ZeQQX/pQsZaVIWDkPcpV6jJ+3KLbTbgnwv8w=="],

    "@rollup/rollup-android-arm64": ["@rollup/rollup-android-arm64@4.53.3", "", { "os": "android", "cpu": "arm64" }, "sha512-CbDGaMpdE9sh7sCmTrTUyllhrg65t6SwhjlMJsLr+J8YjFuPmCEjbBSx4Z/e4SmDyH3aB5hGaJUP2ltV/vcs4w=="],

    "@rollup/rollup-darwin-arm64": ["@rollup/rollup-darwin-arm64@4.53.3", "", { "os": "darwin", "cpu": "arm64" }, "sha512-Nr7SlQeqIBpOV6BHHGZgYBuSdanCXuw09hon14MGOLGmXAFYjx1wNvquVPmpZnl0tLjg25dEdr4IQ6GgyToCUA=="],

    "@rollup/rollup-darwin-x64": ["@rollup/rollup-darwin-x64@4.53.3", "", { "os": "darwin", "cpu": "x64" }, "sha512-DZ8N4CSNfl965CmPktJ8oBnfYr3F8dTTNBQkRlffnUarJ2ohudQD17sZBa097J8xhQ26AwhHJ5mvUyQW8ddTsQ=="],

    "@rollup/rollup-freebsd-arm64": ["@rollup/rollup-freebsd-arm64@4.53.3", "", { "os": "freebsd", "cpu": "arm64" }, "sha512-yMTrCrK92aGyi7GuDNtGn2sNW+Gdb4vErx4t3Gv/Tr+1zRb8ax4z8GWVRfr3Jw8zJWvpGHNpss3vVlbF58DZ4w=="],

    "@rollup/rollup-freebsd-x64": ["@rollup/rollup-freebsd-x64@4.53.3", "", { "os": "freebsd", "cpu": "x64" }, "sha512-lMfF8X7QhdQzseM6XaX0vbno2m3hlyZFhwcndRMw8fbAGUGL3WFMBdK0hbUBIUYcEcMhVLr1SIamDeuLBnXS+Q=="],

    "@rollup/rollup-linux-arm-gnueabihf": ["@rollup/rollup-linux-arm-gnueabihf@4.53.3", "", { "os": "linux", "cpu": "arm" }, "sha512-k9oD15soC/Ln6d2Wv/JOFPzZXIAIFLp6B+i14KhxAfnq76ajt0EhYc5YPeX6W1xJkAdItcVT+JhKl1QZh44/qw=="],

    "@rollup/rollup-linux-arm-musleabihf": ["@rollup/rollup-linux-arm-musleabihf@4.53.3", "", { "os": "linux", "cpu": "arm" }, "sha512-vTNlKq+N6CK/8UktsrFuc+/7NlEYVxgaEgRXVUVK258Z5ymho29skzW1sutgYjqNnquGwVUObAaxae8rZ6YMhg=="],

    "@rollup/rollup-linux-arm64-gnu": ["@rollup/rollup-linux-arm64-gnu@4.53.3", "", { "os": "linux", "cpu": "arm64" }, "sha512-RGrFLWgMhSxRs/EWJMIFM1O5Mzuz3Xy3/mnxJp/5cVhZ2XoCAxJnmNsEyeMJtpK+wu0FJFWz+QF4mjCA7AUQ3w=="],

    "@rollup/rollup-linux-arm64-musl": ["@rollup/rollup-linux-arm64-musl@4.53.3", "", { "os": "linux", "cpu": "arm64" }, "sha512-kASyvfBEWYPEwe0Qv4nfu6pNkITLTb32p4yTgzFCocHnJLAHs+9LjUu9ONIhvfT/5lv4YS5muBHyuV84epBo/A=="],

    "@rollup/rollup-linux-loong64-gnu": ["@rollup/rollup-linux-loong64-gnu@4.53.3", "", { "os": "linux", "cpu": "none" }, "sha512-JiuKcp2teLJwQ7vkJ95EwESWkNRFJD7TQgYmCnrPtlu50b4XvT5MOmurWNrCj3IFdyjBQ5p9vnrX4JM6I8OE7g=="],

    "@rollup/rollup-linux-ppc64-gnu": ["@rollup/rollup-linux-ppc64-gnu@4.53.3", "", { "os": "linux", "cpu": "ppc64" }, "sha512-EoGSa8nd6d3T7zLuqdojxC20oBfNT8nexBbB/rkxgKj5T5vhpAQKKnD+h3UkoMuTyXkP5jTjK/ccNRmQrPNDuw=="],

    "@rollup/rollup-linux-riscv64-gnu": ["@rollup/rollup-linux-riscv64-gnu@4.53.3", "", { "os": "linux", "cpu": "none" }, "sha512-4s+Wped2IHXHPnAEbIB0YWBv7SDohqxobiiPA1FIWZpX+w9o2i4LezzH/NkFUl8LRci/8udci6cLq+jJQlh+0g=="],

    "@rollup/rollup-linux-riscv64-musl": ["@rollup/rollup-linux-riscv64-musl@4.53.3", "", { "os": "linux", "cpu": "none" }, "sha512-68k2g7+0vs2u9CxDt5ktXTngsxOQkSEV/xBbwlqYcUrAVh6P9EgMZvFsnHy4SEiUl46Xf0IObWVbMvPrr2gw8A=="],

    "@rollup/rollup-linux-s390x-gnu": ["@rollup/rollup-linux-s390x-gnu@4.53.3", "", { "os": "linux", "cpu": "s390x" }, "sha512-VYsFMpULAz87ZW6BVYw3I6sWesGpsP9OPcyKe8ofdg9LHxSbRMd7zrVrr5xi/3kMZtpWL/wC+UIJWJYVX5uTKg=="],

    "@rollup/rollup-linux-x64-gnu": ["@rollup/rollup-linux-x64-gnu@4.53.3", "", { "os": "linux", "cpu": "x64" }, "sha512-3EhFi1FU6YL8HTUJZ51imGJWEX//ajQPfqWLI3BQq4TlvHy4X0MOr5q3D2Zof/ka0d5FNdPwZXm3Yyib/UEd+w=="],

    "@rollup/rollup-linux-x64-musl": ["@rollup/rollup-linux-x64-musl@4.53.3", "", { "os": "linux", "cpu": "x64" }, "sha512-eoROhjcc6HbZCJr+tvVT8X4fW3/5g/WkGvvmwz/88sDtSJzO7r/blvoBDgISDiCjDRZmHpwud7h+6Q9JxFwq1Q=="],

    "@rollup/rollup-openharmony-arm64": ["@rollup/rollup-openharmony-arm64@4.53.3", "", { "os": "none", "cpu": "arm64" }, "sha512-OueLAWgrNSPGAdUdIjSWXw+u/02BRTcnfw9PN41D2vq/JSEPnJnVuBgw18VkN8wcd4fjUs+jFHVM4t9+kBSNLw=="],

    "@rollup/rollup-win32-arm64-msvc": ["@rollup/rollup-win32-arm64-msvc@4.53.3", "", { "os": "win32", "cpu": "arm64" }, "sha512-GOFuKpsxR/whszbF/bzydebLiXIHSgsEUp6M0JI8dWvi+fFa1TD6YQa4aSZHtpmh2/uAlj/Dy+nmby3TJ3pkTw=="],

    "@rollup/rollup-win32-ia32-msvc": ["@rollup/rollup-win32-ia32-msvc@4.53.3", "", { "os": "win32", "cpu": "ia32" }, "sha512-iah+THLcBJdpfZ1TstDFbKNznlzoxa8fmnFYK4V67HvmuNYkVdAywJSoteUszvBQ9/HqN2+9AZghbajMsFT+oA=="],

    "@rollup/rollup-win32-x64-gnu": ["@rollup/rollup-win32-x64-gnu@4.53.3", "", { "os": "win32", "cpu": "x64" }, "sha512-J9QDiOIZlZLdcot5NXEepDkstocktoVjkaKUtqzgzpt2yWjGlbYiKyp05rWwk4nypbYUNoFAztEgixoLaSETkg=="],

    "@rollup/rollup-win32-x64-msvc": ["@rollup/rollup-win32-x64-msvc@4.53.3", "", { "os": "win32", "cpu": "x64" }, "sha512-UhTd8u31dXadv0MopwGgNOBpUVROFKWVQgAg5N1ESyCz8AuBcMqm4AuTjrwgQKGDfoFuz02EuMRHQIw/frmYKQ=="],

    "@sinclair/typebox": ["@sinclair/typebox@0.34.41", "", {}, "sha512-6gS8pZzSXdyRHTIqoqSVknxolr1kzfy4/CeDnrzsVz8TTIWUbOBr6gnzOmTYJ3eXQNh4IYHIGi5aIL7sOZ2G/g=="],

    "@tokenizer/inflate": ["@tokenizer/inflate@0.4.1", "", { "dependencies": { "debug": "^4.4.3", "token-types": "^6.1.1" } }, "sha512-2mAv+8pkG6GIZiF1kNg1jAjh27IDxEPKwdGul3snfztFerfPGI1LjDezZp3i7BElXompqEtPmoPx6c2wgtWsOA=="],

    "@tokenizer/token": ["@tokenizer/token@0.3.0", "", {}, "sha512-OvjF+z51L3ov0OyAU0duzsYuvO01PH7x4t6DJx+guahgTnBHkhJdG7soQeTSFLWN3efnHyibZ4Z8l2EuWwJN3A=="],

    "@tybys/wasm-util": ["@tybys/wasm-util@0.10.1", "", { "dependencies": { "tslib": "^2.4.0" } }, "sha512-9tTaPJLSiejZKx+Bmog4uSubteqTvFrVrURwkmHixBo0G4seD0zUxp98E1DzUBJxLQ3NPwXrGKDiVjwx/DpPsg=="],

    "@types/estree": ["@types/estree@1.0.8", "", {}, "sha512-dWHzHa2WqEXI/O1E9OjrocMTKJl2mSrEolh1Iomrv6U+JuNwaHXsXx9bLu5gG7BUWFIN0skIQJQ/L1rIex4X6w=="],

    "@types/node": ["@types/node@25.0.0", "", { "dependencies": { "undici-types": "~7.16.0" } }, "sha512-rl78HwuZlaDIUSeUKkmogkhebA+8K1Hy7tddZuJ3D0xV8pZSfsYGTsliGUol1JPzu9EKnTxPC4L1fiWouStRew=="],

    "bun-types": ["bun-types@1.3.4", "", { "dependencies": { "@types/node": "*" } }, "sha512-5ua817+BZPZOlNaRgGBpZJOSAQ9RQ17pkwPD0yR7CfJg+r8DgIILByFifDTa+IPDDxzf5VNhtNlcKqFzDgJvlQ=="],

    "consola": ["consola@3.4.2", "", {}, "sha512-5IKcdX0nnYavi6G7TtOhwkYzyjfJlatbjMjuLSfE2kYT5pMDOilZ4OvMhi637CcDICTmz3wARPoyhqyX1Y+XvA=="],

    "cookie": ["cookie@1.1.1", "", {}, "sha512-ei8Aos7ja0weRpFzJnEA9UHJ/7XQmqglbRwnf2ATjcB9Wq874VKH9kfjjirM6UhU2/E5fFYadylyhFldcqSidQ=="],

    "crossws": ["crossws@0.4.1", "", { "peerDependencies": { "srvx": ">=0.7.1" }, "optionalPeers": ["srvx"] }, "sha512-E7WKBcHVhAVrY6JYD5kteNqVq1GSZxqGrdSiwXR9at+XHi43HJoCQKXcCczR5LBnBquFZPsB3o7HklulKoBU5w=="],

    "db0": ["db0@0.3.4", "", { "peerDependencies": { "@electric-sql/pglite": "*", "@libsql/client": "*", "better-sqlite3": "*", "drizzle-orm": "*", "mysql2": "*", "sqlite3": "*" }, "optionalPeers": ["@electric-sql/pglite", "@libsql/client", "better-sqlite3", "drizzle-orm", "mysql2", "sqlite3"] }, "sha512-RiXXi4WaNzPTHEOu8UPQKMooIbqOEyqA1t7Z6MsdxSCeb8iUC9ko3LcmsLmeUt2SM5bctfArZKkRQggKZz7JNw=="],

    "debug": ["debug@4.4.3", "", { "dependencies": { "ms": "^2.1.3" } }, "sha512-RGwwWnwQvkVfavKVt22FGLw+xYSdzARwm0ru6DhTVA3umU5hZc28V3kO4stgYryrTlLpuvgI9GiijltAjNbcqA=="],

    "elysia": ["elysia@1.4.18", "", { "dependencies": { "cookie": "^1.1.1", "exact-mirror": "0.2.5", "fast-decode-uri-component": "^1.0.1", "memoirist": "^0.4.0" }, "peerDependencies": { "@sinclair/typebox": ">= 0.34.0 < 1", "@types/bun": ">= 1.2.0", "file-type": ">= 20.0.0", "openapi-types": ">= 12.0.0", "typescript": ">= 5.0.0" }, "optionalPeers": ["@types/bun", "typescript"] }, "sha512-A6BhlipmSvgCy69SBgWADYZSdDIj3fT2gk8/9iMAC8iD+aGcnCr0fitziX0xr36MFDs/fsvVp8dWqxeq1VCgKg=="],

    "exact-mirror": ["exact-mirror@0.2.5", "", { "peerDependencies": { "@sinclair/typebox": "^0.34.15" }, "optionalPeers": ["@sinclair/typebox"] }, "sha512-u8Wu2lO8nio5lKSJubOydsdNtQmH8ENba5m0nbQYmTvsjksXKYIS1nSShdDlO8Uem+kbo+N6eD5I03cpZ+QsRQ=="],

    "fast-decode-uri-component": ["fast-decode-uri-component@1.0.1", "", {}, "sha512-WKgKWg5eUxvRZGwW8FvfbaH7AXSh2cL+3j5fMGzUMCxWBJ3dV3a7Wz8y2f/uQ0e3B6WmodD3oS54jTQ9HVTIIg=="],

    "file-type": ["file-type@21.1.1", "", { "dependencies": { "@tokenizer/inflate": "^0.4.1", "strtok3": "^10.3.4", "token-types": "^6.1.1", "uint8array-extras": "^1.4.0" } }, "sha512-ifJXo8zUqbQ/bLbl9sFoqHNTNWbnPY1COImFfM6CCy7z+E+jC1eY9YfOKkx0fckIg+VljAy2/87T61fp0+eEkg=="],

    "fsevents": ["fsevents@2.3.3", "", { "os": "darwin" }, "sha512-5xoDfX+fL7faATnagmWPpbFtwh/R77WmMMqqHGS65C3vvB0YHrgF+B1YmZ3441tMj5n63k0212XNoJwzlhffQw=="],

    "h3": ["h3@2.0.1-rc.5", "", { "dependencies": { "rou3": "^0.7.9", "srvx": "^0.9.1" }, "peerDependencies": { "crossws": "^0.4.1" }, "optionalPeers": ["crossws"] }, "sha512-qkohAzCab0nLzXNm78tBjZDvtKMTmtygS8BJLT3VPczAQofdqlFXDPkXdLMJN4r05+xqneG8snZJ0HgkERCZTg=="],

    "ieee754": ["ieee754@1.2.1", "", {}, "sha512-dcyqhDvX1C46lXZcVqCpK+FtMRQVdIMN6/Df5js2zouUsqG7I6sFxitIC+7KYK29KdXOLHdu9zL4sFnoVQnqaA=="],

    "jiti": ["jiti@2.6.1", "", { "bin": { "jiti": "lib/jiti-cli.mjs" } }, "sha512-ekilCSN1jwRvIbgeg/57YFh8qQDNbwDb9xT/qu2DAHbFFZUicIl4ygVaAvzveMhMVr3LnpSKTNnwt8PoOfmKhQ=="],

    "memoirist": ["memoirist@0.4.0", "", {}, "sha512-zxTgA0mSYELa66DimuNQDvyLq36AwDlTuVRbnQtB+VuTcKWm5Qc4z3WkSpgsFWHNhexqkIooqpv4hdcqrX5Nmg=="],

    "ms": ["ms@2.1.3", "", {}, "sha512-6FlzubTLZG3J2a/NVCAleEhjzq5oxgHyaCU9yYXvcLsvoVaHJq/s5xXI6/XXP6tz7R9xAOtHnSO/tXtF3WRTlA=="],

    "nf3": ["nf3@0.1.12", "", {}, "sha512-qbMXT7RTGh74MYWPeqTIED8nDW70NXOULVHpdWcdZ7IVHVnAsMV9fNugSNnvooipDc1FMOzpis7T9nXJEbJhvQ=="],

    "nitro": ["nitro@3.0.1-alpha.1", "", { "dependencies": { "consola": "^3.4.2", "crossws": "^0.4.1", "db0": "^0.3.4", "h3": "2.0.1-rc.5", "jiti": "^2.6.1", "nf3": "^0.1.10", "ofetch": "^2.0.0-alpha.3", "ohash": "^2.0.11", "oxc-minify": "^0.96.0", "oxc-transform": "^0.96.0", "srvx": "^0.9.5", "undici": "^7.16.0", "unenv": "^2.0.0-rc.24", "unstorage": "^2.0.0-alpha.4" }, "peerDependencies": { "rolldown": "*", "rollup": "^4", "vite": "^7", "xml2js": "^0.6.2" }, "optionalPeers": ["rolldown", "rollup", "vite", "xml2js"], "bin": { "nitro": "dist/cli/index.mjs" } }, "sha512-U4AxIsXxdkxzkFrK0XAw0e5Qbojk8jQ50MjjRBtBakC4HurTtQoiZvF+lSe382jhuQZCfAyywGWOFa9QzXLFaw=="],

    "ofetch": ["ofetch@2.0.0-alpha.3", "", {}, "sha512-zpYTCs2byOuft65vI3z43Dd6iSdFbOZZLb9/d21aCpx2rGastVU9dOCv0lu4ykc1Ur1anAYjDi3SUvR0vq50JA=="],

    "ohash": ["ohash@2.0.11", "", {}, "sha512-RdR9FQrFwNBNXAr4GixM8YaRZRJ5PUWbKYbE5eOsrwAjJW0q2REGcf79oYPsLyskQCZG1PLN+S/K1V00joZAoQ=="],

    "openapi-types": ["openapi-types@12.1.3", "", {}, "sha512-N4YtSYJqghVu4iek2ZUvcN/0aqH1kRDuNqzcycDxhOUpg7GdvLa2F3DgS6yBNhInhv2r/6I0Flkn7CqL8+nIcw=="],

    "oxc-minify": ["oxc-minify@0.96.0", "", { "optionalDependencies": { "@oxc-minify/binding-android-arm64": "0.96.0", "@oxc-minify/binding-darwin-arm64": "0.96.0", "@oxc-minify/binding-darwin-x64": "0.96.0", "@oxc-minify/binding-freebsd-x64": "0.96.0", "@oxc-minify/binding-linux-arm-gnueabihf": "0.96.0", "@oxc-minify/binding-linux-arm-musleabihf": "0.96.0", "@oxc-minify/binding-linux-arm64-gnu": "0.96.0", "@oxc-minify/binding-linux-arm64-musl": "0.96.0", "@oxc-minify/binding-linux-riscv64-gnu": "0.96.0", "@oxc-minify/binding-linux-s390x-gnu": "0.96.0", "@oxc-minify/binding-linux-x64-gnu": "0.96.0", "@oxc-minify/binding-linux-x64-musl": "0.96.0", "@oxc-minify/binding-wasm32-wasi": "0.96.0", "@oxc-minify/binding-win32-arm64-msvc": "0.96.0", "@oxc-minify/binding-win32-x64-msvc": "0.96.0" } }, "sha512-dXeeGrfPJJ4rMdw+NrqiCRtbzVX2ogq//R0Xns08zql2HjV3Zi2SBJ65saqfDaJzd2bcHqvGWH+M44EQCHPAcA=="],

    "oxc-transform": ["oxc-transform@0.96.0", "", { "optionalDependencies": { "@oxc-transform/binding-android-arm64": "0.96.0", "@oxc-transform/binding-darwin-arm64": "0.96.0", "@oxc-transform/binding-darwin-x64": "0.96.0", "@oxc-transform/binding-freebsd-x64": "0.96.0", "@oxc-transform/binding-linux-arm-gnueabihf": "0.96.0", "@oxc-transform/binding-linux-arm-musleabihf": "0.96.0", "@oxc-transform/binding-linux-arm64-gnu": "0.96.0", "@oxc-transform/binding-linux-arm64-musl": "0.96.0", "@oxc-transform/binding-linux-riscv64-gnu": "0.96.0", "@oxc-transform/binding-linux-s390x-gnu": "0.96.0", "@oxc-transform/binding-linux-x64-gnu": "0.96.0", "@oxc-transform/binding-linux-x64-musl": "0.96.0", "@oxc-transform/binding-wasm32-wasi": "0.96.0", "@oxc-transform/binding-win32-arm64-msvc": "0.96.0", "@oxc-transform/binding-win32-x64-msvc": "0.96.0" } }, "sha512-dQPNIF+gHpSkmC0+Vg9IktNyhcn28Y8R3eTLyzn52UNymkasLicl3sFAtz7oEVuFmCpgGjaUTKkwk+jW2cHpDQ=="],

    "pathe": ["pathe@2.0.3", "", {}, "sha512-WUjGcAqP1gQacoQe+OBJsFA7Ld4DyXuUIjZ5cc75cLHvJ7dtNsTugphxIADwspS+AraAUePCKrSVtPLFj/F88w=="],

    "rollup": ["rollup@4.53.3", "", { "dependencies": { "@types/estree": "1.0.8" }, "optionalDependencies": { "@rollup/rollup-android-arm-eabi": "4.53.3", "@rollup/rollup-android-arm64": "4.53.3", "@rollup/rollup-darwin-arm64": "4.53.3", "@rollup/rollup-darwin-x64": "4.53.3", "@rollup/rollup-freebsd-arm64": "4.53.3", "@rollup/rollup-freebsd-x64": "4.53.3", "@rollup/rollup-linux-arm-gnueabihf": "4.53.3", "@rollup/rollup-linux-arm-musleabihf": "4.53.3", "@rollup/rollup-linux-arm64-gnu": "4.53.3", "@rollup/rollup-linux-arm64-musl": "4.53.3", "@rollup/rollup-linux-loong64-gnu": "4.53.3", "@rollup/rollup-linux-ppc64-gnu": "4.53.3", "@rollup/rollup-linux-riscv64-gnu": "4.53.3", "@rollup/rollup-linux-riscv64-musl": "4.53.3", "@rollup/rollup-linux-s390x-gnu": "4.53.3", "@rollup/rollup-linux-x64-gnu": "4.53.3", "@rollup/rollup-linux-x64-musl": "4.53.3", "@rollup/rollup-openharmony-arm64": "4.53.3", "@rollup/rollup-win32-arm64-msvc": "4.53.3", "@rollup/rollup-win32-ia32-msvc": "4.53.3", "@rollup/rollup-win32-x64-gnu": "4.53.3", "@rollup/rollup-win32-x64-msvc": "4.53.3", "fsevents": "~2.3.2" }, "bin": { "rollup": "dist/bin/rollup" } }, "sha512-w8GmOxZfBmKknvdXU1sdM9NHcoQejwF/4mNgj2JuEEdRaHwwF12K7e9eXn1nLZ07ad+du76mkVsyeb2rKGllsA=="],

    "rou3": ["rou3@0.7.11", "", {}, "sha512-ELguG3ENDw5NKNmWHO3OGEjcgdxkCNvnMR22gKHEgRXuwiriap5RIYdummOaOiqUNcC5yU5txGCHWNm7KlHuAA=="],

    "srvx": ["srvx@0.9.7", "", { "bin": { "srvx": "bin/srvx.mjs" } }, "sha512-N2a2nx8YTq13+A8qucg4lHZREfWOVnlMHAvrA9C2jbY9/QnVEAPzjdmpFHrY6/9BxSwIbvywCj7zahuGrVzCiQ=="],

    "strtok3": ["strtok3@10.3.4", "", { "dependencies": { "@tokenizer/token": "^0.3.0" } }, "sha512-KIy5nylvC5le1OdaaoCJ07L+8iQzJHGH6pWDuzS+d07Cu7n1MZ2x26P8ZKIWfbK02+XIL8Mp4RkWeqdUCrDMfg=="],

    "token-types": ["token-types@6.1.1", "", { "dependencies": { "@borewit/text-codec": "^0.1.0", "@tokenizer/token": "^0.3.0", "ieee754": "^1.2.1" } }, "sha512-kh9LVIWH5CnL63Ipf0jhlBIy0UsrMj/NJDfpsy1SqOXlLKEVyXXYrnFxFT1yOOYVGBSApeVnjPw/sBz5BfEjAQ=="],

    "tslib": ["tslib@2.8.1", "", {}, "sha512-oJFu94HQb+KVduSUQL7wnpmqnfmLsOA/nAh6b6EH0wCEoK0/mPeXU6c3wKDV83MkOuHPRHtSXKKU99IBazS/2w=="],

    "uint8array-extras": ["uint8array-extras@1.5.0", "", {}, "sha512-rvKSBiC5zqCCiDZ9kAOszZcDvdAHwwIKJG33Ykj43OKcWsnmcBRL09YTU4nOeHZ8Y2a7l1MgTd08SBe9A8Qj6A=="],

    "undici": ["undici@7.16.0", "", {}, "sha512-QEg3HPMll0o3t2ourKwOeUAZ159Kn9mx5pnzHRQO8+Wixmh88YdZRiIwat0iNzNNXn0yoEtXJqFpyW7eM8BV7g=="],

    "undici-types": ["undici-types@7.16.0", "", {}, "sha512-Zz+aZWSj8LE6zoxD+xrjh4VfkIG8Ya6LvYkZqtUQGJPZjYl53ypCaUwWqo7eI0x66KBGeRo+mlBEkMSeSZ38Nw=="],

    "unenv": ["unenv@2.0.0-rc.24", "", { "dependencies": { "pathe": "^2.0.3" } }, "sha512-i7qRCmY42zmCwnYlh9H2SvLEypEFGye5iRmEMKjcGi7zk9UquigRjFtTLz0TYqr0ZGLZhaMHl/foy1bZR+Cwlw=="],

    "unstorage": ["unstorage@2.0.0-alpha.4", "", { "peerDependencies": { "@azure/app-configuration": "^1.8.0", "@azure/cosmos": "^4.2.0", "@azure/data-tables": "^13.3.0", "@azure/identity": "^4.6.0", "@azure/keyvault-secrets": "^4.9.0", "@azure/storage-blob": "^12.26.0", "@capacitor/preferences": "^6.0.3 || ^7.0.0", "@deno/kv": ">=0.9.0", "@netlify/blobs": "^6.5.0 || ^7.0.0 || ^8.1.0 || ^9.0.0 || ^10.0.0", "@planetscale/database": "^1.19.0", "@upstash/redis": "^1.34.3", "@vercel/blob": ">=0.27.1", "@vercel/functions": "^2.2.12 || ^3.0.0", "@vercel/kv": "^1.0.1", "aws4fetch": "^1.0.20", "chokidar": "^4.0.3", "db0": ">=0.2.1", "idb-keyval": "^6.2.1", "ioredis": "^5.4.2", "lru-cache": "^11.2.2", "mongodb": "^6.20.0", "ofetch": "*", "uploadthing": "^7.4.4" }, "optionalPeers": ["@azure/app-configuration", "@azure/cosmos", "@azure/data-tables", "@azure/identity", "@azure/keyvault-secrets", "@azure/storage-blob", "@capacitor/preferences", "@deno/kv", "@netlify/blobs", "@planetscale/database", "@upstash/redis", "@vercel/blob", "@vercel/functions", "@vercel/kv", "aws4fetch", "chokidar", "db0", "idb-keyval", "ioredis", "lru-cache", "mongodb", "ofetch", "uploadthing"] }, "sha512-ywXZMZRfrvmO1giJeMTCw6VUn0ALYxVl8pFqJPStiyQUvgJImejtAHrKvXPj4QGJAoS/iLGcVGF6ljN/lkh1bw=="],
  }
}
